
Microsoft Visual Studio Solution File, Format Version 12.00
# Visual Studio Version 17
VisualStudioVersion = 17.8.34525.116
MinimumVisualStudioVersion = 10.0.40219.1
Project("{FAE04EC0-301F-11D3-BF4B-00C04F79EFBC}") = "PZKS_Lab1", "PZKS_Lab1\PZKS_Lab1.csproj", "{B66FE79A-48AC-4123-8F02-F52CA47D4522}"
EndProject
Global
	GlobalSection(SolutionConfigurationPlatforms) = preSolution
		Debug|Any CPU = Debug|Any CPU
		Release|Any CPU = Release|Any CPU
	EndGlobalSection
	GlobalSection(ProjectConfigurationPlatforms) = postSolution
		{B66FE79A-48AC-4123-8F02-F52CA47D4522}.Debug|Any CPU.ActiveCfg = Debug|Any CPU
		{B66FE79A-48AC-4123-8F02-F52CA47D4522}.Debug|Any CPU.Build.0 = Debug|Any CPU
		{B66FE79A-48AC-4123-8F02-F52CA47D4522}.Release|Any CPU.ActiveCfg = Release|Any CPU
		{B66FE79A-48AC-4123-8F02-F52CA47D4522}.Release|Any CPU.Build.0 = Release|Any CPU
	EndGlobalSection
	GlobalSection(SolutionProperties) = preSolution
		HideSolutionNode = FALSE
	EndGlobalSection
	GlobalSection(ExtensibilityGlobals) = postSolution
		SolutionGuid = {107EBA79-753F-427A-B24C-3037AB2AD7F9}
	EndGlobalSection
EndGlobal
